
Microsoft Visual Studio Solution File, Format Version 12.00
# Visual Studio Version 17
VisualStudioVersion = 17.9.34723.18
MinimumVisualStudioVersion = 10.0.40219.1
Project("{FAE04EC0-301F-11D3-BF4B-00C04F79EFBC}") = "HotelManagement.Server", "HotelManagement.Server\HotelManagement.Server.csproj", "{AF290814-306A-4889-95EB-F6EDF5CAD34C}"
EndProject
Project("{54A90642-561A-4BB1-A94E-469ADEE60C69}") = "hotelmanagement.client", "hotelmanagement.client\hotelmanagement.client.esproj", "{C073A3BE-8952-4714-951C-6AF35D8BC8EF}"
EndProject
Global
	GlobalSection(SolutionConfigurationPlatforms) = preSolution
		Debug|Any CPU = Debug|Any CPU
		Release|Any CPU = Release|Any CPU
	EndGlobalSection
	GlobalSection(ProjectConfigurationPlatforms) = postSolution
		{AF290814-306A-4889-95EB-F6EDF5CAD34C}.Debug|Any CPU.ActiveCfg = Debug|Any CPU
		{AF290814-306A-4889-95EB-F6EDF5CAD34C}.Debug|Any CPU.Build.0 = Debug|Any CPU
		{AF290814-306A-4889-95EB-F6EDF5CAD34C}.Release|Any CPU.ActiveCfg = Release|Any CPU
		{AF290814-306A-4889-95EB-F6EDF5CAD34C}.Release|Any CPU.Build.0 = Release|Any CPU
		{C073A3BE-8952-4714-951C-6AF35D8BC8EF}.Debug|Any CPU.ActiveCfg = Debug|Any CPU
		{C073A3BE-8952-4714-951C-6AF35D8BC8EF}.Debug|Any CPU.Build.0 = Debug|Any CPU
		{C073A3BE-8952-4714-951C-6AF35D8BC8EF}.Debug|Any CPU.Deploy.0 = Debug|Any CPU
		{C073A3BE-8952-4714-951C-6AF35D8BC8EF}.Release|Any CPU.ActiveCfg = Release|Any CPU
		{C073A3BE-8952-4714-951C-6AF35D8BC8EF}.Release|Any CPU.Build.0 = Release|Any CPU
		{C073A3BE-8952-4714-951C-6AF35D8BC8EF}.Release|Any CPU.Deploy.0 = Release|Any CPU
	EndGlobalSection
	GlobalSection(SolutionProperties) = preSolution
		HideSolutionNode = FALSE
	EndGlobalSection
	GlobalSection(ExtensibilityGlobals) = postSolution
		SolutionGuid = {EC4F29AD-A685-4E04-8C00-997FA71584E7}
	EndGlobalSection
EndGlobal
